
Microsoft Visual Studio Solution File, Format Version 12.00
# Visual Studio Version 17
VisualStudioVersion = 17.1.32120.378
MinimumVisualStudioVersion = 10.0.40219.1
Project("{8BC9CEB8-8B4A-11D0-8D11-00A0C91BC942}") = "Homework_27_Jan", "Homework_27_Jan\Homework_27_Jan.vcxproj", "{CC929F79-C152-413D-ADFF-9FCCF3277BBA}"
EndProject
Global
	GlobalSection(SolutionConfigurationPlatforms) = preSolution
		Debug|x64 = Debug|x64
		Debug|x86 = Debug|x86
		Release|x64 = Release|x64
		Release|x86 = Release|x86
	EndGlobalSection
	GlobalSection(ProjectConfigurationPlatforms) = postSolution
		{CC929F79-C152-413D-ADFF-9FCCF3277BBA}.Debug|x64.ActiveCfg = Debug|x64
		{CC929F79-C152-413D-ADFF-9FCCF3277BBA}.Debug|x64.Build.0 = Debug|x64
		{CC929F79-C152-413D-ADFF-9FCCF3277BBA}.Debug|x86.ActiveCfg = Debug|Win32
		{CC929F79-C152-413D-ADFF-9FCCF3277BBA}.Debug|x86.Build.0 = Debug|Win32
		{CC929F79-C152-413D-ADFF-9FCCF3277BBA}.Release|x64.ActiveCfg = Release|x64
		{CC929F79-C152-413D-ADFF-9FCCF3277BBA}.Release|x64.Build.0 = Release|x64
		{CC929F79-C152-413D-ADFF-9FCCF3277BBA}.Release|x86.ActiveCfg = Release|Win32
		{CC929F79-C152-413D-ADFF-9FCCF3277BBA}.Release|x86.Build.0 = Release|Win32
	EndGlobalSection
	GlobalSection(SolutionProperties) = preSolution
		HideSolutionNode = FALSE
	EndGlobalSection
	GlobalSection(ExtensibilityGlobals) = postSolution
		SolutionGuid = {29171FD6-84B4-4D56-BA0F-D47C768A4FC3}
	EndGlobalSection
EndGlobal
